PODS:
  - gtm-oauth2 (0.0.2):
    - gtm-oauth2/Core
    - GTMHTTPFetcher
    - SBJson (~> 3.2)
  - gtm-oauth2/Core (0.0.2):
    - gtm-oauth2/Core/Mac
    - gtm-oauth2/Core/Touch
    - GTMHTTPFetcher
    - SBJson (~> 3.2)
  - gtm-oauth2/Core/Mac (0.0.2):
    - GTMHTTPFetcher
    - SBJson (~> 3.2)
  - gtm-oauth2/Core/Touch (0.0.2):
    - GTMHTTPFetcher
    - SBJson (~> 3.2)
  - GTMHTTPFetcher (0.0.2):
    - SBJson (~> 3.2)
  - LaunchAtLoginController (1.0.0)
  - MASPreferences (1.0)
  - SBJson (3.2)

DEPENDENCIES:
  - gtm-oauth2
  - LaunchAtLoginController (from `https://raw.github.com/jashephe/LaunchAtLoginController/master/LaunchAtLoginController.podspec`)
  - MASPreferences

EXTERNAL SOURCES:
  LaunchAtLoginController:
    :podspec: https://raw.github.com/jashephe/LaunchAtLoginController/master/LaunchAtLoginController.podspec

SPEC CHECKSUMS:
  gtm-oauth2: 5993db82bfe276b30cbf1731cb40d7cc848656f8
  GTMHTTPFetcher: df09cf49e95d471d9f321a8eea3d1c22bc45547e
  LaunchAtLoginController: ebe8f91297f8bb68c1085b431308871d7b05128c
  MASPreferences: b8c112b4b6e6cbd32b8f49d249eb152d1eeb38f8
  SBJson: abc2bf2baef456d5dae213f9826fe2b6fdf19861

COCOAPODS: 0.29.0
